
Microsoft Visual Studio Solution File, Format Version 12.00
# Visual Studio Version 17
VisualStudioVersion = 17.7.34009.444
MinimumVisualStudioVersion = 10.0.40219.1
Project("{FAE04EC0-301F-11D3-BF4B-00C04F79EFBC}") = "PhoneBook", "PhoneBook\PhoneBook.csproj", "{2519B2C8-FE18-4776-8179-2DB99FC2F20B}"
EndProject
Global
	GlobalSection(SolutionConfigurationPlatforms) = preSolution
		Debug|Any CPU = Debug|Any CPU
		Release|Any CPU = Release|Any CPU
	EndGlobalSection
	GlobalSection(ProjectConfigurationPlatforms) = postSolution
		{2519B2C8-FE18-4776-8179-2DB99FC2F20B}.Debug|Any CPU.ActiveCfg = Debug|Any CPU
		{2519B2C8-FE18-4776-8179-2DB99FC2F20B}.Debug|Any CPU.Build.0 = Debug|Any CPU
		{2519B2C8-FE18-4776-8179-2DB99FC2F20B}.Release|Any CPU.ActiveCfg = Release|Any CPU
		{2519B2C8-FE18-4776-8179-2DB99FC2F20B}.Release|Any CPU.Build.0 = Release|Any CPU
	EndGlobalSection
	GlobalSection(SolutionProperties) = preSolution
		HideSolutionNode = FALSE
	EndGlobalSection
	GlobalSection(ExtensibilityGlobals) = postSolution
		SolutionGuid = {7CBE18D3-50C4-4DE9-91AC-6DA91553C70E}
	EndGlobalSection
EndGlobal
